
Microsoft Visual Studio Solution File, Format Version 12.00
# Visual Studio Version 16
VisualStudioVersion = 16.0.31729.503
MinimumVisualStudioVersion = 10.0.40219.1
Project("{FAE04EC0-301F-11D3-BF4B-00C04F79EFBC}") = "Game", "Game\Game.csproj", "{C6AAF516-9C0D-4AFB-B24F-4B54E4FE7ACF}"
EndProject
Global
	GlobalSection(SolutionConfigurationPlatforms) = preSolution
		Debug|Any CPU = Debug|Any CPU
		Release|Any CPU = Release|Any CPU
	EndGlobalSection
	GlobalSection(ProjectConfigurationPlatforms) = postSolution
		{C6AAF516-9C0D-4AFB-B24F-4B54E4FE7ACF}.Debug|Any CPU.ActiveCfg = Debug|Any CPU
		{C6AAF516-9C0D-4AFB-B24F-4B54E4FE7ACF}.Debug|Any CPU.Build.0 = Debug|Any CPU
		{C6AAF516-9C0D-4AFB-B24F-4B54E4FE7ACF}.Release|Any CPU.ActiveCfg = Release|Any CPU
		{C6AAF516-9C0D-4AFB-B24F-4B54E4FE7ACF}.Release|Any CPU.Build.0 = Release|Any CPU
	EndGlobalSection
	GlobalSection(SolutionProperties) = preSolution
		HideSolutionNode = FALSE
	EndGlobalSection
	GlobalSection(ExtensibilityGlobals) = postSolution
		SolutionGuid = {11724E13-BDC6-47DF-880D-5C6247726314}
	EndGlobalSection
EndGlobal
